
Microsoft Visual Studio Solution File, Format Version 12.00
# Visual Studio 14
VisualStudioVersion = 14.0.24720.0
MinimumVisualStudioVersion = 10.0.40219.1
Project("{FAE04EC0-301F-11D3-BF4B-00C04F79EFBC}") = "XmlRpcServiceLib", "XmlRpcServiceLib\XmlRpcServiceLib.csproj", "{8FA42482-289B-4F9E-9AF2-78A4472CACFD}"
EndProject
Project("{FAE04EC0-301F-11D3-BF4B-00C04F79EFBC}") = "XmlRpcWebService", "XmlRpcWebService\XmlRpcWebService.csproj", "{5B6EE2AD-8950-40FC-A3E2-275BBFB9D542}"
EndProject
Project("{FAE04EC0-301F-11D3-BF4B-00C04F79EFBC}") = "XmlRpcClient", "XmlRpcClient\XmlRpcClient.csproj", "{59C2A2FD-FD74-4009-96FB-46240306566D}"
	ProjectSection(ProjectDependencies) = postProject
		{5B6EE2AD-8950-40FC-A3E2-275BBFB9D542} = {5B6EE2AD-8950-40FC-A3E2-275BBFB9D542}
	EndProjectSection
EndProject
Global
	GlobalSection(SolutionConfigurationPlatforms) = preSolution
		Debug|Any CPU = Debug|Any CPU
		Release|Any CPU = Release|Any CPU
	EndGlobalSection
	GlobalSection(ProjectConfigurationPlatforms) = postSolution
		{8FA42482-289B-4F9E-9AF2-78A4472CACFD}.Debug|Any CPU.ActiveCfg = Debug|Any CPU
		{8FA42482-289B-4F9E-9AF2-78A4472CACFD}.Debug|Any CPU.Build.0 = Debug|Any CPU
		{8FA42482-289B-4F9E-9AF2-78A4472CACFD}.Release|Any CPU.ActiveCfg = Release|Any CPU
		{8FA42482-289B-4F9E-9AF2-78A4472CACFD}.Release|Any CPU.Build.0 = Release|Any CPU
		{5B6EE2AD-8950-40FC-A3E2-275BBFB9D542}.Debug|Any CPU.ActiveCfg = Debug|Any CPU
		{5B6EE2AD-8950-40FC-A3E2-275BBFB9D542}.Debug|Any CPU.Build.0 = Debug|Any CPU
		{5B6EE2AD-8950-40FC-A3E2-275BBFB9D542}.Release|Any CPU.ActiveCfg = Release|Any CPU
		{5B6EE2AD-8950-40FC-A3E2-275BBFB9D542}.Release|Any CPU.Build.0 = Release|Any CPU
		{59C2A2FD-FD74-4009-96FB-46240306566D}.Debug|Any CPU.ActiveCfg = Debug|Any CPU
		{59C2A2FD-FD74-4009-96FB-46240306566D}.Debug|Any CPU.Build.0 = Debug|Any CPU
		{59C2A2FD-FD74-4009-96FB-46240306566D}.Release|Any CPU.ActiveCfg = Release|Any CPU
		{59C2A2FD-FD74-4009-96FB-46240306566D}.Release|Any CPU.Build.0 = Release|Any CPU
	EndGlobalSection
	GlobalSection(SolutionProperties) = preSolution
		HideSolutionNode = FALSE
	EndGlobalSection
EndGlobal
